
Microsoft Visual Studio Solution File, Format Version 12.00
# Visual Studio Version 17
VisualStudioVersion = 17.6.33829.357
MinimumVisualStudioVersion = 10.0.40219.1
Project("{FAE04EC0-301F-11D3-BF4B-00C04F79EFBC}") = "BurgerShopProject", "BurgerShopProject\BurgerShopProject.csproj", "{1E0C7823-6453-4208-ABAB-3B5C197ED65D}"
EndProject
Global
	GlobalSection(SolutionConfigurationPlatforms) = preSolution
		Debug|Any CPU = Debug|Any CPU
		Release|Any CPU = Release|Any CPU
	EndGlobalSection
	GlobalSection(ProjectConfigurationPlatforms) = postSolution
		{1E0C7823-6453-4208-ABAB-3B5C197ED65D}.Debug|Any CPU.ActiveCfg = Debug|Any CPU
		{1E0C7823-6453-4208-ABAB-3B5C197ED65D}.Debug|Any CPU.Build.0 = Debug|Any CPU
		{1E0C7823-6453-4208-ABAB-3B5C197ED65D}.Release|Any CPU.ActiveCfg = Release|Any CPU
		{1E0C7823-6453-4208-ABAB-3B5C197ED65D}.Release|Any CPU.Build.0 = Release|Any CPU
	EndGlobalSection
	GlobalSection(SolutionProperties) = preSolution
		HideSolutionNode = FALSE
	EndGlobalSection
	GlobalSection(ExtensibilityGlobals) = postSolution
		SolutionGuid = {2AA2BDF4-613A-482F-8DA3-8A81F9B25034}
	EndGlobalSection
EndGlobal
